
Microsoft Visual Studio Solution File, Format Version 12.00
# Visual Studio 2012
Project("{FAE04EC0-301F-11D3-BF4B-00C04F79EFBC}") = "pureWords2", "pureWords2\pureWords2.csproj", "{FA94EC5A-14B1-4862-8F18-A81868CCDD30}"
EndProject
Global
	GlobalSection(SolutionConfigurationPlatforms) = preSolution
		Debug|Any CPU = Debug|Any CPU
		Release|Any CPU = Release|Any CPU
	EndGlobalSection
	GlobalSection(ProjectConfigurationPlatforms) = postSolution
		{FA94EC5A-14B1-4862-8F18-A81868CCDD30}.Debug|Any CPU.ActiveCfg = Debug|Any CPU
		{FA94EC5A-14B1-4862-8F18-A81868CCDD30}.Debug|Any CPU.Build.0 = Debug|Any CPU
		{FA94EC5A-14B1-4862-8F18-A81868CCDD30}.Release|Any CPU.ActiveCfg = Release|Any CPU
		{FA94EC5A-14B1-4862-8F18-A81868CCDD30}.Release|Any CPU.Build.0 = Release|Any CPU
	EndGlobalSection
	GlobalSection(SolutionProperties) = preSolution
		HideSolutionNode = FALSE
	EndGlobalSection
EndGlobal
